
Microsoft Visual Studio Solution File, Format Version 12.00
# Visual Studio Version 17
VisualStudioVersion = 17.4.33205.214
MinimumVisualStudioVersion = 10.0.40219.1
Project("{FAE04EC0-301F-11D3-BF4B-00C04F79EFBC}") = "eTicket", "eTicket\eTicket.csproj", "{5D2BB73D-2224-4943-AF83-1755712CA5C2}"
EndProject
Global
	GlobalSection(SolutionConfigurationPlatforms) = preSolution
		Debug|Any CPU = Debug|Any CPU
		Release|Any CPU = Release|Any CPU
	EndGlobalSection
	GlobalSection(ProjectConfigurationPlatforms) = postSolution
		{5D2BB73D-2224-4943-AF83-1755712CA5C2}.Debug|Any CPU.ActiveCfg = Debug|Any CPU
		{5D2BB73D-2224-4943-AF83-1755712CA5C2}.Debug|Any CPU.Build.0 = Debug|Any CPU
		{5D2BB73D-2224-4943-AF83-1755712CA5C2}.Release|Any CPU.ActiveCfg = Release|Any CPU
		{5D2BB73D-2224-4943-AF83-1755712CA5C2}.Release|Any CPU.Build.0 = Release|Any CPU
	EndGlobalSection
	GlobalSection(SolutionProperties) = preSolution
		HideSolutionNode = FALSE
	EndGlobalSection
	GlobalSection(ExtensibilityGlobals) = postSolution
		SolutionGuid = {DF54444B-EA12-4005-AD9A-5FC0870CB0BF}
	EndGlobalSection
EndGlobal
